# THIS IS AN AUTOGENERATED FILE. DO NOT EDIT THIS FILE DIRECTLY.
# yarn lockfile v1


highcharts@^9.3.1:
  version "9.3.1"
  resolved "https://registry.yarnpkg.com/highcharts/-/highcharts-9.3.1.tgz#dbeb39c2e5b298b02ccc459103f5f1c8daea1264"
  integrity sha512-T5BjvY2CDtqlKRbid1Jd22psBp8tV9+7fm+x7h+EZuXF0OVDLR5128sRuC6WCWVss4cTVzS6PKnlnXKfYskIhw==

jquery@^3.6:
  version "3.6.0"
  resolved "https://registry.yarnpkg.com/jquery/-/jquery-3.6.0.tgz#c72a09f15c1bdce142f49dbf1170bdf8adac2470"
  integrity sha512-JVzAR/AjBvVt2BmYhxRCSYysDsPcssdmTFnzyLEts9qNwmjmu4JTAMYubEfwVOSwpQ1I1sKKFcxhZCI2buerfw==

raty-js@^3.1.1:
  version "3.1.1"
  resolved "https://registry.yarnpkg.com/raty-js/-/raty-js-3.1.1.tgz#1de430414f88540f0ec95c796a65f436f038d9d3"
  integrity sha512-6phgjho73we8PkUwAjba09xQ3nXiWwk8NE9NB1EXvAH2gErP3PNPls1rbXRWLZ4Y3RjibIDhO5dkYMC+6kdrDA==
  dependencies:
    jquery "^3.6"
